version = 1
revision = 3
requires-python = ">=3.11, <3.13"

[[package]]
name = "annotated-doc"
version = "0.0.5"
source = { registry = "https://pypi.org/simple" }
sdist = { url = "https://files.pythonhosted.org/packages/5a/8e/38aa427ed5402449e226975b649c5dc73ccadfefeb95e6aecb8f8ea4b6b6/annotated_doc-0.0.5.tar.gz", hash = "sha256:c7e58ce09192557605d8bbd92836d7e1d520ac9580096042c0bfd197efacf1bb", size = 10758, upload-time = "2026-07-28T13:50:58.129Z" }
wheels = [
    { url = "https://files.pythonhosted.org/packages/3e/30/e900b21425a860e195f32e37657aa1f7c7f2b1bfb26f03ca209b90933c06/annotated_doc-0.0.5-py3-none-any.whl", hash = "sha256:117bac03a25ede5df5440e855b32d556049ca169ead221505badf432fed4b101", size = 5302, upload-time = "2026-07-28T13:50:57.239Z" },
]

[[package]]
name = "beautifulsoup4"
version = "4.15.0"
source = { registry = "https://pypi.org/simple" }
dependencies = [
    { name = "soupsieve" },
    { name = "typing-extensions" },
]
sdist = { url = "https://files.pythonhosted.org/packages/43/65/318323f98dbee45d42dff61d8f047181bc6f2268a9068cfad035a46be5af/beautifulsoup4-4.15.0.tar.gz", hash = "sha256:288e3ca7d54b06f2ac191970bc275c1939cb46d450b255bf6718b04aa37ab4f7", size = 632571, upload-time = "2026-06-07T16:44:20.453Z" }
wheels = [
    { url = "https://files.pythonhosted.org/packages/88/c6/92fcd42f1ba33e1184263f25bfabf3d27c383410470f169e4b8163bf9c17/beautifulsoup4-4.15.0-py3-none-any.whl", hash = "sha256:d6f88de62e1d4e38ecb1077eb9724cd0eff29d2a08ca16a401e9b9e93f117cf9", size = 109924, upload-time = "2026-06-07T16:44:21.566Z" },
]

[[package]]
name = "bookbinder"
version = "0.1.0"
source = { editable = "." }
dependencies = [
    { name = "beautifulsoup4" },
    { name = "ebooklib" },
    { name = "ftfy" },
    { name = "lxml" },
    { name = "mutagen" },
    { name = "pypdf" },
    { name = "pysbd" },
    { name = "rich" },
    { name = "typer" },
]

[package.metadata]
requires-dist = [
    { name = "beautifulsoup4", specifier = ">=4.12.0" },
    { name = "ebooklib", specifier = ">=0.18" },
    { name = "ftfy", specifier = ">=6.2.0" },
    { name = "lxml", specifier = ">=5.0.0" },
    { name = "mutagen", specifier = ">=1.47.0" },
    { name = "pypdf", specifier = ">=4.2.0" },
    { name = "pysbd", specifier = ">=0.3.4" },
    { name = "rich", specifier = ">=13.7.0" },
    { name = "typer", specifier = ">=0.12.0" },
]

[[package]]
name = "colorama"
version = "0.4.6"
source = { registry = "https://pypi.org/simple" }
sdist = { url = "https://files.pythonhosted.org/packages/d8/53/6f443c9a4a8358a93a6792e2acffb9d9d5cb0a5cfd8802644b7b1c9a02e4/colorama-0.4.6.tar.gz", hash = "sha256:08695f5cb7ed6e0531a20572697297273c47b8cae5a63ffc6d6ed5c201be6e44", size = 27697, upload-time = "2022-10-25T02:36:22.414Z" }
wheels = [
    { url = "https://files.pythonhosted.org/packages/d1/d6/3965ed04c63042e047cb6a3e6ed1a63a35087b6a609aa3a15ed8ac56c221/colorama-0.4.6-py2.py3-none-any.whl", hash = "sha256:4f1d9991f5acc0ca119f9d443620b77f9d6b33703e51011c16baf57afb285fc6", size = 25335, upload-time = "2022-10-25T02:36:20.889Z" },
]

[[package]]
name = "ebooklib"
version = "0.20"
source = { registry = "https://pypi.org/simple" }
dependencies = [
    { name = "lxml" },
    { name = "six" },
]
sdist = { url = "https://files.pythonhosted.org/packages/77/85/322e8882a582d4b707220d1929cfb74c125f2ba513991edbce40dbc462de/ebooklib-0.20.tar.gz", hash = "sha256:35e2f9d7d39907be8d39ae2deb261b19848945903ae3dbb6577b187ead69e985", size = 127066, upload-time = "2025-10-26T20:56:20.968Z" }
wheels = [
    { url = "https://files.pythonhosted.org/packages/bf/ee/aa015c5de8b0dc42a8e507eae8c2de5d1c0e068c896858fec6d502402ed6/ebooklib-0.20-py3-none-any.whl", hash = "sha256:fff5322517a37e31c972d27be7d982cc3928c16b3dcc5fd7e8f7c0f5d7bcf42b", size = 40995, upload-time = "2025-10-26T20:56:19.104Z" },
]

[[package]]
name = "ftfy"
version = "6.3.1"
source = { registry = "https://pypi.org/simple" }
dependencies = [
    { name = "wcwidth" },
]
sdist = { url = "https://files.pythonhosted.org/packages/a5/d3/8650919bc3c7c6e90ee3fa7fd618bf373cbbe55dff043bd67353dbb20cd8/ftfy-6.3.1.tar.gz", hash = "sha256:9b3c3d90f84fb267fe64d375a07b7f8912d817cf86009ae134aa03e1819506ec", size = 308927, upload-time = "2024-10-26T00:50:35.149Z" }
wheels = [
    { url = "https://files.pythonhosted.org/packages/ab/6e/81d47999aebc1b155f81eca4477a616a70f238a2549848c38983f3c22a82/ftfy-6.3.1-py3-none-any.whl", hash = "sha256:7c70eb532015cd2f9adb53f101fb6c7945988d023a085d127d1573dc49dd0083", size = 44821, upload-time = "2024-10-26T00:50:33.425Z" },
]

[[package]]
name = "lxml"
version = "6.1.3"
source = { registry = "https://pypi.org/simple" }
sdist = { url = "https://files.pythonhosted.org/packages/23/ad/28ecd7cb894d172f3c9c80a075eeeb2017ac62e3632cee05a5f9493547eb/lxml-6.1.3.tar.gz", hash = "sha256:45222d94ddd511536f3b2f7d9deae3b2339b4ce0f075f1ca25703b07cad9dd21", size = 4211198, upload-time = "2026-09-02T14:48:02.287Z" }
wheels = [
    { url = "https://files.pythonhosted.org/packages/96/f1/95133bde7af7afb1f5ba6090b674d826b7a518318bba54bbbb633b27865a/lxml-6.1.3-cp311-cp311-macosx_10_9_universal2.whl", hash = "sha256:c66f858b82497173f73366795fc6ee8171620e75a338506d6b2e7bc16f5fca11", size = 8563141, upload-time = "2026-09-02T14:46:42.334Z" },
    { url = "https://files.pythonhosted.org/packages/80/54/5a79ee2181ac773ee13e48205411845feec69e1c3d097e985c1343171712/lxml-6.1.3-cp311-cp311-macosx_10_9_x86_64.whl", hash = "sha256:032a0a97eed428bd143c75a11118238546424ceb2fa311cca5f073aa44658dc4", size = 4613690, upload-time = "2026-09-02T14:46:45.253Z" },
    { url = "https://files.pythonhosted.org/packages/ab/29/8c24672f56807f119312f073f24204368574bd16b384ede861b5104b3a2b/lxml-6.1.3-cp311-cp311-manylinux2014_aarch64.manylinux_2_17_aarch64.whl", hash = "sha256:4a579dfb9c835f8ab47f4b8ed33440cbc75b806b73297208e6ec2a33e903740b", size = 4935630, upload-time = "2026-09-02T14:46:48.071Z" },
    { url = "https://files.pythonhosted.org/packages/71/69/ce2436d854c848c19fc9287143991f3fc76b8b4e9a0dbba8452e51dff264/lxml-6.1.3-cp311-cp311-manylinux2014_x86_64.manylinux_2_17_x86_64.whl", hash = "sha256:49fbc2682a9306135b7ec49e93f97f9c26689b9b7f96ed2742d8d6497e994d13", size = 5079033, upload-time = "2026-09-02T14:46:50.483Z" },
    { url = "https://files.pythonhosted.org/packages/91/ec/b66f66f6499ad800265d57540b51e6632e3232d3526f42f2f8fd4b14e0ea/lxml-6.1.3-cp311-cp311-manylinux_2_26_aarch64.manylinux_2_28_aarch64.whl", hash = "sha256:ea2c01cdb16dc12156e455007c406dfaaece0c89aa4ba0e3b47586779f951d41", size = 5012298, upload-time = "2026-09-02T14:46:52.603Z" },
    { url = "https://files.pythonhosted.org/packages/94/2a/25d128872f4d51753542bfc3feb482c2ea7c8a2d6d81a0bc5c6a00779ed4/lxml-6.1.3-cp311-cp311-manylinux_2_26_x86_64.manylinux_2_28_x86_64.whl", hash = "sha256:527195c188d7d0af748cd48d220ab8cdc5cb99be3d49ac4d9be7324d8abf9bc0", size = 5211431, upload-time = "2026-09-02T14:46:54.722Z" },
    { url = "https://files.pythonhosted.org/packages/75/b2/0a41bbef074a556110f84fafb6d8c2998293c7d3bfbe1ce74515bc65393b/lxml-6.1.3-cp311-cp311-manylinux_2_28_i686.whl", hash = "sha256:20384c2bbcbf87180c8c61eb60869699c1ec0cd09b62cfd13804022d860b0867", size = 5343417, upload-time = "2026-09-02T14:46:57.46Z" },
    { url = "https://files.pythonhosted.org/packages/7b/cd/16116c3f91791aeeeab1cbe6e7eb6e646f127be7b0158b262eb526a21a0c/lxml-6.1.3-cp311-cp311-manylinux_2_31_armv7l.whl", hash = "sha256:424aa5657141d306ba9ad1baab4b2c0a0719040075ee6c66aee9bb2dea2b5054", size = 4673219, upload-time = "2026-09-02T14:46:59.604Z" },
    { url = "https://files.pythonhosted.org/packages/dd/bb/4dff849f443ef70221676aec938bc41e8bae6430aa2ca13b041319e14b98/lxml-6.1.3-cp311-cp311-manylinux_2_38_riscv64.manylinux_2_39_riscv64.whl", hash = "sha256:4736e6c87e603146d8949d8501da621ad20c31015060d3fcf95ace2859f3e3e6", size = 5281246, upload-time = "2026-09-02T14:47:02.375Z" },
    { url = "https://files.pythonhosted.org/packages/9f/ac/4aa7dd059420bfd35278c7fe819e9d319ee36a0453b7bbde1907a7832d91/lxml-6.1.3-cp311-cp311-musllinux_1_2_aarch64.whl", hash = "sha256:6374e9e382e5a98c9c5e66d41b357b470da1c54bce30f17f9dc4bcc58436cc1c", size = 5055451, upload-time = "2026-09-02T14:47:05.883Z" },
    { url = "https://files.pythonhosted.org/packages/de/44/20d90cf6f4234de9cd9eeb4f519419885fdb087fa80d073c7b57be342021/lxml-6.1.3-cp311-cp311-musllinux_1_2_armv7l.whl", hash = "sha256:22eec57e26c418cde02c051ce9914a365e52a7f135a565c6f0480242aeebab48", size = 4722694, upload-time = "2026-09-02T14:47:08.461Z" },
    { url = "https://files.pythonhosted.org/packages/f0/0e/6bee12325e53dd6613fe1e107def07583b6182ade03e94bfef8976622e44/lxml-6.1.3-cp311-cp311-musllinux_1_2_riscv64.whl", hash = "sha256:8753b8d51dbc86fd335ee31fcf7f3658e9f5c016d4edfb23f76ad295f4b8c9d0", size = 5269179, upload-time = "2026-09-02T14:47:10.647Z" },
    { url = "https://files.pythonhosted.org/packages/e4/5d/54d269ce5cd0787c0424d9cef449ee794d4097725d13dd2acd6181c44e9c/lxml-6.1.3-cp311-cp311-musllinux_1_2_x86_64.whl", hash = "sha256:207dfc3d47cf0e575e643bbc140dacc8863b39abaa1e5307cd64c7f2365b8a12", size = 5235559, upload-time = "2026-09-02T14:47:13.932Z" },
    { url = "https://files.pythonhosted.org/packages/e4/f7/5a3095f187f1bec293591616a1677781acc265c5b313c009f8a19c471a09/lxml-6.1.3-cp311-cp311-win32.whl", hash = "sha256:18293f8a8d8b6a8e71ef37706b659e3846a4261232158167b1ddf35f6994f633", size = 3600377, upload-time = "2026-09-02T14:47:15.957Z" },
    { url = "https://files.pythonhosted.org/packages/45/5a/15531a0d307c96282fe8b639b3d74e8bd783e4ab4cb2b0781146ac4161b8/lxml-6.1.3-cp311-cp311-win_amd64.whl", hash = "sha256:7ae4949f212a53b007dbc355884fda122545c5764a54256c9217e419a62a6559", size = 4032700, upload-time = "2026-09-02T14:47:18.566Z" },
    { url = "https://files.pythonhosted.org/packages/12/f9/8de76314955545ceaaa7c0305017b8aaa217905dee59c62c0e2c1e44a68f/lxml-6.1.3-cp311-cp311-win_arm64.whl", hash = "sha256:2123e5aa075ac20d23c7af489255efd129cbfe190dbe88fd42598cc9df3199b6", size = 3674431, upload-time = "2026-09-02T14:47:22.186Z" },
    { url = "https://files.pythonhosted.org/packages/dd/1f/a180b57d9eeabaab77f9d5aa30356898ea749c4795596a8f66d1eb6bef2e/lxml-6.1.3-cp312-cp312-macosx_10_13_universal2.whl", hash = "sha256:0c0710ac085a157b593c38fbcacd950f15c4afa8e2057527185875ab302752bc", size = 8602094, upload-time = "2026-09-02T14:47:26.054Z" },
    { url = "https://files.pythonhosted.org/packages/a8/25/070c92013a1c029a602b03560d68772313d918268667fa993da7961759c9/lxml-6.1.3-cp312-cp312-macosx_10_13_x86_64.whl", hash = "sha256:623c8799c17128753c65699f1c3aa32402657393a9ad6db09ed8b98ddf76611d", size = 4638308, upload-time = "2026-09-02T14:47:29.587Z" },
    { url = "https://files.pythonhosted.org/packages/1e/1c/722e88883173097a1a375153e3c2447eba3060d0231522cf6596e99f4195/lxml-6.1.3-cp312-cp312-manylinux2014_aarch64.manylinux_2_17_aarch64.whl", hash = "sha256:f683dc6300317700025e41d89a43e0276692ded16113a3c43eab704d605c58e5", size = 4939696, upload-time = "2026-09-02T14:47:32.997Z" },
    { url = "https://files.pythonhosted.org/packages/db/36/aa413bc214dc4f785ad2b2ddd8cc99aae7062d49ab155e91e6011af00daf/lxml-6.1.3-cp312-cp312-manylinux2014_x86_64.manylinux_2_17_x86_64.whl", hash = "sha256:379f8a75cf6eb7eef0af074b55f49ab73b868388a98de14646abcdfa4564bb11", size = 5105247, upload-time = "2026-09-02T14:47:36.734Z" },
    { url = "https://files.pythonhosted.org/packages/a3/a0/a1f7f1313795bfec67b77f01ef3b1128d49f2d7f66a8413fa55d47f4e25f/lxml-6.1.3-cp312-cp312-manylinux_2_26_aarch64.manylinux_2_28_aarch64.whl", hash = "sha256:b37772102d44bb6628186accca3a121b1fa3a6b3d97518a8c29a5229ca4c0d0a", size = 5011915, upload-time = "2026-09-02T14:47:39.846Z" },
    { url = "https://files.pythonhosted.org/packages/b9/78/840e7e3f1d0cc7a5cfac5d8505b97e25b6427fd774ac4bae672aaebfb4b5/lxml-6.1.3-cp312-cp312-manylinux_2_26_ppc64le.manylinux_2_28_ppc64le.whl", hash = "sha256:ddcf547bea2aee967d6a77779376a45e77e610e8465147a1f3d7e20d539d6e32", size = 5638175, upload-time = "2026-09-02T14:47:43.644Z" },
    { url = "https://files.pythonhosted.org/packages/0a/20/e022dbc6b4753a9bc9fc5fb28a27163430c1731b9913997f6544c1b2518c/lxml-6.1.3-cp312-cp312-manylinux_2_26_x86_64.manylinux_2_28_x86_64.whl", hash = "sha256:909f4e927bb051f7740d6367285fc60cdcfdaf0258c2dba4ff5ba7eadadc250c", size = 5244675, upload-time = "2026-09-02T14:47:47.635Z" },
    { url = "https://files.pythonhosted.org/packages/99/83/82cde81d2b5eb38d1539fdfdf318abdd014a7e604f4df01c9cd3deb18f2a/lxml-6.1.3-cp312-cp312-manylinux_2_28_i686.whl", hash = "sha256:a5c18810318303ce9afb3f95e2ddb54834f96fa699a8600433fd5a93dcf44c56", size = 5358205, upload-time = "2026-09-02T14:47:50.306Z" },
    { url = "https://files.pythonhosted.org/packages/d2/a1/f3b057371c8cb29f2a9c9c44ea320592446e40b74a4b0af68c3d8e65bc73/lxml-6.1.3-cp312-cp312-manylinux_2_31_armv7l.whl", hash = "sha256:3e42265103fb385d8642a78672edf376c6f7e1d3598a7a4f9cb1278f2f6b5f6f", size = 4704495, upload-time = "2026-09-02T14:47:53.251Z" },
    { url = "https://files.pythonhosted.org/packages/1a/a4/230eb28be5d412152ffc3c679b51fe1aeede5a53f3a8eb6e9748f2f4754f/lxml-6.1.3-cp312-cp312-manylinux_2_38_riscv64.manylinux_2_39_riscv64.whl", hash = "sha256:21402998e4b78e7cce237d2788841aaa21ac9a4d1574d04dc2d12ee41ae807b5", size = 5255117, upload-time = "2026-09-02T14:47:55.963Z" },
    { url = "https://files.pythonhosted.org/packages/a3/18/1969f56763af24ce42ea156007b0b2d73fddea552e283b2010416394f0f4/lxml-6.1.3-cp312-cp312-musllinux_1_2_aarch64.whl", hash = "sha256:38fc4e4e4e084e0bd491949482527d406788045c546d4f8789e93fc527b91385", size = 5054424, upload-time = "2026-09-02T14:47:58.131Z" },
    { url = "https://files.pythonhosted.org/packages/f4/d4/2a90acc1f6fabaa3a8db9340437822bd8d041b205d626a4b3e8621aaa390/lxml-6.1.3-cp312-cp312-musllinux_1_2_armv7l.whl", hash = "sha256:5609efdb0d3c95499c00046bc53648b3482ec2175b5503d6e611b3f0555dc71d", size = 4785572, upload-time = "2026-09-02T14:48:01.029Z" },
    { url = "https://files.pythonhosted.org/packages/a5/1e/b90e845b1dcd0f2f3f26b98283d857f25909223aacd265eee032c34ab8b1/lxml-6.1.3-cp312-cp312-musllinux_1_2_ppc64le.whl", hash = "sha256:97ce49699d87ebf8aad631b55d65b33219a4f1bfefbbf5bff19dc9af160aeaf9", size = 5656516, upload-time = "2026-09-02T14:48:03.419Z" },
    { url = "https://files.pythonhosted.org/packages/eb/ab/0a1b802c57f3fba5c4efd77d5c6b78adaa8f7b681f0c90456b140fe8bf6c/lxml-6.1.3-cp312-cp312-musllinux_1_2_riscv64.whl", hash = "sha256:48542c9acba9ff9450bd18d871d2c2c8787fdb283572b623d206f1b927cd7d9e", size = 5245982, upload-time = "2026-09-02T14:48:06.109Z" },
    { url = "https://files.pythonhosted.org/packages/da/ee/2c016fbceb3778137459292538d9dfa7e3ad9070fe409c15254ddd90d2cc/lxml-6.1.3-cp312-cp312-musllinux_1_2_x86_64.whl", hash = "sha256:c55e71a9b1db1f107efb60da49c093689b74c5c31a708e5379e2fd9439d4fbb5", size = 5267340, upload-time = "2026-09-02T14:48:08.374Z" },
    { url = "https://files.pythonhosted.org/packages/9c/b1/736d18fd6f0835761923b7bac1f0c27d60c1200384e9093f05d8c5100525/lxml-6.1.3-cp312-cp312-win32.whl", hash = "sha256:b3ff39654f0ce6ebd4db154211136dbe7e8157bcc3bed2344c87f32c7c6ecb6c", size = 3602606, upload-time = "2026-09-02T14:48:10.384Z" },
    { url = "https://files.pythonhosted.org/packages/3a/5b/6ed903e4e6278a020c8a6f0dbbe78030d041840a6b4a64ea441a1e414077/lxml-6.1.3-cp312-cp312-win_amd64.whl", hash = "sha256:3e9a00d1c2c30936f7add097c41afc5da6556c580909104aafd382cac92a855c", size = 4005999, upload-time = "2026-09-02T14:48:12.51Z" },
    { url = "https://files.pythonhosted.org/packages/e4/1b/7bcebb7b6332cb3ae85e9c13b139adb6f23f75c71d84041c56a5005d9a29/lxml-6.1.3-cp312-cp312-win_arm64.whl", hash = "sha256:1aeca87830c4fe649dcf93fe2b059525b71c72587f21be4ae4af7103082a79fa", size = 3666631, upload-time = "2026-09-02T14:48:14.567Z" },
    { url = "https://files.pythonhosted.org/packages/ec/c1/2433176de263cc3f51fd2c303f993d5bb7f1da3139a0f7d168116c0bfa7a/lxml-6.1.3-pp311-pypy311_pp73-macosx_10_15_x86_64.whl", hash = "sha256:d2765c18ce303149ee804b1f3dad11232726dd0a702d73a15cf19179ac8cc962", size = 3942969, upload-time = "2026-09-02T14:46:36.55Z" },
    { url = "https://files.pythonhosted.org/packages/7c/71/de7759096f480180fd9e43ff7c017860e2d2a9a43741ab093cbdf1820f07/lxml-6.1.3-pp311-pypy311_pp73-manylinux2014_aarch64.manylinux_2_17_aarch64.whl", hash = "sha256:7d5a748d12dd9b535e0a130f60dae9ddf0adafbabe61e7864f55c7436c84547a", size = 4213008, upload-time = "2026-09-02T14:46:38.784Z" },
    { url = "https://files.pythonhosted.org/packages/b8/9b/c2d09af47a34fa6c0c27473083812b449a411680bd04bbe609cde291ddc8/lxml-6.1.3-pp311-pypy311_pp73-manylinux2014_x86_64.manylinux_2_17_x86_64.whl", hash = "sha256:41096ec0740a58dad03d3ae0c7486d306d20becefb13ceb1649835ab3eb64167", size = 4322012, upload-time = "2026-09-02T14:46:41.031Z" },
    { url = "https://files.pythonhosted.org/packages/68/f3/bf56fee0403ebd995be8e78ec9aca566016487d1b3cbf755ebea8ccffbdb/lxml-6.1.3-pp311-pypy311_pp73-manylinux_2_26_aarch64.manylinux_2_28_aarch64.whl", hash = "sha256:415e3a115c0d510e329020012834d1c0aa1c581ee53a218603e38abbc1dea70a", size = 4257402, upload-time = "2026-09-02T14:46:43.134Z" },
    { url = "https://files.pythonhosted.org/packages/1c/1d/6da9cc086a20d9dd6bcbf7c5d9575f0331cca9a05e67dab02d15e828170b/lxml-6.1.3-pp311-pypy311_pp73-manylinux_2_26_x86_64.manylinux_2_28_x86_64.whl", hash = "sha256:20428910dae17a1a93152a3ff2c0441d2f4932992c0797d65651dd0561f1792f", size = 4410889, upload-time = "2026-09-02T14:46:46.975Z" },
    { url = "https://files.pythonhosted.org/packages/03/5c/91fe48856f9f8089be3096fa4dbe4b3fb5526f3bf3e852ea9497f399cb9f/lxml-6.1.3-pp311-pypy311_pp73-win_amd64.whl", hash = "sha256:bc8dd3d9c93e70c3df974a201ac2958b6d77b465d813c51d1f15fa8e645763ae", size = 3511258, upload-time = "2026-09-02T14:46:49.046Z" },
]

[[package]]
name = "markdown-it-py"
version = "4.2.0"
source = { registry = "https://pypi.org/simple" }
dependencies = [
    { name = "mdurl" },
]
sdist = { url = "https://files.pythonhosted.org/packages/06/ff/7841249c247aa650a76b9ee4bbaeae59370dc8bfd2f6c01f3630c35eb134/markdown_it_py-4.2.0.tar.gz", hash = "sha256:04a21681d6fbb623de53f6f364d352309d4094dd4194040a10fd51833e418d49", size = 82454, upload-time = "2026-05-07T12:08:28.36Z" }
wheels = [
    { url = "https://files.pythonhosted.org/packages/b3/81/4da04ced5a082363ecfa159c010d200ecbd959ae410c10c0264a38cac0f5/markdown_it_py-4.2.0-py3-none-any.whl", hash = "sha256:9f7ebbcd14fe59494226453aed97c1070d83f8d24b6fc3a3bcf9a38092641c4a", size = 91687, upload-time = "2026-05-07T12:08:27.182Z" },
]

[[package]]
name = "mdurl"
version = "0.1.2"
source = { registry = "https://pypi.org/simple" }
sdist = { url = "https://files.pythonhosted.org/packages/d6/54/cfe61301667036ec958cb99bd3efefba235e65cdeb9c84d24a8293ba1d90/mdurl-0.1.2.tar.gz", hash = "sha256:bb413d29f5eea38f31dd4754dd7377d4465116fb207585f97bf925588687c1ba", size = 8729, upload-time = "2022-08-14T12:40:10.846Z" }
wheels = [
    { url = "https://files.pythonhosted.org/packages/b3/38/89ba8ad64ae25be8de66a6d463314cf1eb366222074cfda9ee839c56a4b4/mdurl-0.1.2-py3-none-any.whl", hash = "sha256:84008a41e51615a49fc9966191ff91509e3c40b939176e643fd50a5c2196b8f8", size = 9979, upload-time = "2022-08-14T12:40:09.779Z" },
]

[[package]]
name = "mutagen"
version = "1.48.1"
source = { registry = "https://pypi.org/simple" }
sdist = { url = "https://files.pythonhosted.org/packages/df/70/1675da133ea92227da41bf5b24e1c66be597ff736a1533ade41da986852f/mutagen-1.48.1.tar.gz", hash = "sha256:8f95637ab9f6f305cec6bd1294e197debe207998e3e068596563c74f86b0a173", size = 1276978, upload-time = "2026-06-25T09:47:32.443Z" }
wheels = [
    { url = "https://files.pythonhosted.org/packages/47/d8/a29e4e3991765e7ce4ed1f7e4074fe1ba9da03e0048639734de60f9cadb9/mutagen-1.48.1-py3-none-any.whl", hash = "sha256:4f077fe87d3fc7fba259aa63d8c026b18382ca6a42ef37c61e16f1b1b5b82fe7", size = 195706, upload-time = "2026-06-25T09:47:30.296Z" },
]

[[package]]
name = "pygments"
version = "2.21.0"
source = { registry = "https://pypi.org/simple" }
sdist = { url = "https://files.pythonhosted.org/packages/49/2e/ced460408999b33da6b31b0021b0f37d329e202d4169aeb164493778f25b/pygments-2.21.0.tar.gz", hash = "sha256:610ca751c9bc2492b38eb9a38a7fbc93edbbb2d7182edaf34e66ae493dee5c8c", size = 5005329, upload-time = "2026-08-17T08:02:48.824Z" }
wheels = [
    { url = "https://files.pythonhosted.org/packages/71/46/17f022dd3e953bf20a04a028a21ec746d942f8d2af30fa0f124fa0e6a684/pygments-2.21.0-py3-none-any.whl", hash = "sha256:2363c69b61c4a97c838da3b130dcd6468f4848992b21a82f2a63ec34377137d9", size = 1250147, upload-time = "2026-08-17T08:02:44.912Z" },
]

[[package]]
name = "pypdf"
version = "6.17.0"
source = { registry = "https://pypi.org/simple" }
sdist = { url = "https://files.pythonhosted.org/packages/5d/dc/34857a5e31cf708c163929f61a9ba4bd357a8850e49fc4e846ced527b51f/pypdf-6.17.0.tar.gz", hash = "sha256:097ad0d829778ec5b615aeaa5c6da4b6cac4992f8fd80b56f98a1a8c006573bb", size = 7018352, upload-time = "2026-09-04T11:30:44.256Z" }
wheels = [
    { url = "https://files.pythonhosted.org/packages/c1/08/1e9731038124a9127e1d27848952b86fb32b2f45f8f1b94adc7f0817a6ac/pypdf-6.17.0-py3-none-any.whl", hash = "sha256:5bd827266a21553b74d910e350131a6227b72f2ab4209bf372814b8195fa11c5", size = 388051, upload-time = "2026-09-04T11:30:42.681Z" },
]

[[package]]
name = "pysbd"
version = "0.3.4"
source = { registry = "https://pypi.org/simple" }
wheels = [
    { url = "https://files.pythonhosted.org/packages/48/0a/c99fb7d7e176f8b176ef19704a32e6a9c6aafdf19ef75a187f701fc15801/pysbd-0.3.4-py3-none-any.whl", hash = "sha256:cd838939b7b0b185fcf86b0baf6636667dfb6e474743beeff878e9f42e022953", size = 71082, upload-time = "2021-02-11T16:36:33.351Z" },
]

[[package]]
name = "rich"
version = "15.0.0"
source = { registry = "https://pypi.org/simple" }
dependencies = [
    { name = "markdown-it-py" },
    { name = "pygments" },
]
sdist = { url = "https://files.pythonhosted.org/packages/c0/8f/0722ca900cc807c13a6a0c696dacf35430f72e0ec571c4275d2371fca3e9/rich-15.0.0.tar.gz", hash = "sha256:edd07a4824c6b40189fb7ac9bc4c52536e9780fbbfbddf6f1e2502c31b068c36", size = 230680, upload-time = "2026-04-12T08:24:00.75Z" }
wheels = [
    { url = "https://files.pythonhosted.org/packages/82/3b/64d4899d73f91ba49a8c18a8ff3f0ea8f1c1d75481760df8c68ef5235bf5/rich-15.0.0-py3-none-any.whl", hash = "sha256:33bd4ef74232fb73fe9279a257718407f169c09b78a87ad3d296f548e27de0bb", size = 310654, upload-time = "2026-04-12T08:24:02.83Z" },
]

[[package]]
name = "shellingham"
version = "1.5.4"
source = { registry = "https://pypi.org/simple" }
sdist = { url = "https://files.pythonhosted.org/packages/58/15/8b3609fd3830ef7b27b655beb4b4e9c62313a4e8da8c676e142cc210d58e/shellingham-1.5.4.tar.gz", hash = "sha256:8dbca0739d487e5bd35ab3ca4b36e11c4078f3a234bfce294b0a0291363404de", size = 10310, upload-time = "2023-10-24T04:13:40.426Z" }
wheels = [
    { url = "https://files.pythonhosted.org/packages/e0/f9/0595336914c5619e5f28a1fb793285925a8cd4b432c9da0a987836c7f822/shellingham-1.5.4-py2.py3-none-any.whl", hash = "sha256:7ecfff8f2fd72616f7481040475a65b2bf8af90a56c89140852d1120324e8686", size = 9755, upload-time = "2023-10-24T04:13:38.866Z" },
]

[[package]]
name = "six"
version = "1.17.0"
source = { registry = "https://pypi.org/simple" }
sdist = { url = "https://files.pythonhosted.org/packages/94/e7/b2c673351809dca68a0e064b6af791aa332cf192da575fd474ed7d6f16a2/six-1.17.0.tar.gz", hash = "sha256:ff70335d468e7eb6ec65b95b99d3a2836546063f63acc5171de367e834932a81", size = 34031, upload-time = "2024-12-04T17:35:28.174Z" }
wheels = [
    { url = "https://files.pythonhosted.org/packages/b7/ce/149a00dd41f10bc29e5921b496af8b574d8413afcd5e30dfa0ed46c2cc5e/six-1.17.0-py2.py3-none-any.whl", hash = "sha256:4721f391ed90541fddacab5acf947aa0d3dc7d27b2e1e8eda2be8970586c3274", size = 11050, upload-time = "2024-12-04T17:35:26.475Z" },
]

[[package]]
name = "soupsieve"
version = "2.9.2"
source = { registry = "https://pypi.org/simple" }
sdist = { url = "https://files.pythonhosted.org/packages/69/99/a6ca3beb3ccacb41fb3321d8a60e5566f9e6467601ef8eba6a17e1b89778/soupsieve-2.9.2.tar.gz", hash = "sha256:4a55d8cf158a9c2e587fa4922f1bbb91d68ac829e2d6f25403a85747c71daf74", size = 122445, upload-time = "2026-08-07T00:57:24.801Z" }
wheels = [
    { url = "https://files.pythonhosted.org/packages/eb/dc/ad025c1ee131eba60c69f4dd5779b18fcf1e6b21a343e2162a84d5d133c7/soupsieve-2.9.2-py3-none-any.whl", hash = "sha256:8089a26fd974ca7a1f30276d3d8492ab266ab15af581642dfe8aa162e0c1c823", size = 37370, upload-time = "2026-08-07T00:57:23.524Z" },
]

[[package]]
name = "typer"
version = "0.27.2"
source = { registry = "https://pypi.org/simple" }
dependencies = [
    { name = "annotated-doc" },
    { name = "colorama", marker = "sys_platform == 'win32'" },
    { name = "rich" },
    { name = "shellingham" },
]
sdist = { url = "https://files.pythonhosted.org/packages/16/f7/57713ba479fd405eb76de31404b2c744c289e336b2d999511ebf51e496f7/typer-0.27.2.tar.gz", hash = "sha256:269b7eb9d3c202ca84b4bc9618cb04ebb43d3d4d1e567e4c768607232c05f945", size = 204045, upload-time = "2026-08-28T10:26:55.046Z" }
wheels = [
    { url = "https://files.pythonhosted.org/packages/dc/bf/205d0004930ede8f542fb58f601526fccf4ae7626075ca1e6c4de5d3d652/typer-0.27.2-py3-none-any.whl", hash = "sha256:b3a5fc4342d5fc8fda8fc3010b1cf117e9249aab7fae800c2eff62fd3842d97d", size = 123130, upload-time = "2026-08-28T10:26:53.752Z" },
]

[[package]]
name = "typing-extensions"
version = "4.16.0"
source = { registry = "https://pypi.org/simple" }
sdist = { url = "https://files.pythonhosted.org/packages/f6/cc/6253133b5bb138fc3306cebfbda2c520f545d36b5be2c7255cc528bb45d6/typing_extensions-4.16.0.tar.gz", hash = "sha256:dc983d19a509c94dba722ee6abd33940f7c05a89e243c47e907eb4db6f1a43e5", size = 113555, upload-time = "2026-07-02T08:40:05.92Z" }
wheels = [
    { url = "https://files.pythonhosted.org/packages/49/d3/b8441a820a491ddfc024b0b0cf0393375b75ea13866d9c66727e54c2fc80/typing_extensions-4.16.0-py3-none-any.whl", hash = "sha256:481caa481374e813c1b176ada14e97f1f67a4539ce9cfeb3f350d78d6370c2e8", size = 45571, upload-time = "2026-07-02T08:40:04.659Z" },
]

[[package]]
name = "wcwidth"
version = "0.8.3"
source = { registry = "https://pypi.org/simple" }
sdist = { url = "https://files.pythonhosted.org/packages/36/57/ed58088fafdf4c55a0ad6bde846502567645424d7ebf325230b9237f4085/wcwidth-0.8.3.tar.gz", hash = "sha256:d128512515fbf4612e0ff21fd6380399210318b7b54a9af59dff8454cf9730eb", size = 1458450, upload-time = "2026-08-28T18:10:06.875Z" }
wheels = [
    { url = "https://files.pythonhosted.org/packages/c4/0e/57f6bb3024a597b2e8ec4aee710ffe62ddc95af2e2bb1ee7a7abdc22c68c/wcwidth-0.8.3-py3-none-any.whl", hash = "sha256:d5b73dba6158a595ec9370350e7f2637bcac8d6c5e4fde34f30fcffb6103a5e4", size = 331669, upload-time = "2026-08-28T18:10:04.909Z" },
]
